
Microsoft Visual Studio Solution File, Format Version 12.00
# Visual Studio 14
VisualStudioVersion = 14.0.25123.0
MinimumVisualStudioVersion = 10.0.40219.1
Project("{FAE04EC0-301F-11D3-BF4B-00C04F79EFBC}") = "Gep13.Cake.Sample.WebApplication", "Gep13.Cake.Sample.WebApplication\Gep13.Cake.Sample.WebApplication.csproj", "{07EF2E7C-AD0F-4B22-9E7F-820E8B7BF06F}"
EndProject
Project("{FAE04EC0-301F-11D3-BF4B-00C04F79EFBC}") = "Gep13.Cake.Sample.Common", "Gep13.Cake.Sample.Common\Gep13.Cake.Sample.Common.csproj", "{886296D5-5EA0-4770-96F5-76DA179630FA}"
EndProject
Global
	GlobalSection(SolutionConfigurationPlatforms) = preSolution
		Debug|Any CPU = Debug|Any CPU
		Release|Any CPU = Release|Any CPU
	EndGlobalSection
	GlobalSection(ProjectConfigurationPlatforms) = postSolution
		{07EF2E7C-AD0F-4B22-9E7F-820E8B7BF06F}.Debug|Any CPU.ActiveCfg = Debug|Any CPU
		{07EF2E7C-AD0F-4B22-9E7F-820E8B7BF06F}.Debug|Any CPU.Build.0 = Debug|Any CPU
		{07EF2E7C-AD0F-4B22-9E7F-820E8B7BF06F}.Release|Any CPU.ActiveCfg = Release|Any CPU
		{07EF2E7C-AD0F-4B22-9E7F-820E8B7BF06F}.Release|Any CPU.Build.0 = Release|Any CPU
		{886296D5-5EA0-4770-96F5-76DA179630FA}.Debug|Any CPU.ActiveCfg = Debug|Any CPU
		{886296D5-5EA0-4770-96F5-76DA179630FA}.Debug|Any CPU.Build.0 = Debug|Any CPU
		{886296D5-5EA0-4770-96F5-76DA179630FA}.Release|Any CPU.ActiveCfg = Release|Any CPU
		{886296D5-5EA0-4770-96F5-76DA179630FA}.Release|Any CPU.Build.0 = Release|Any CPU
	EndGlobalSection
	GlobalSection(SolutionProperties) = preSolution
		HideSolutionNode = FALSE
	EndGlobalSection
EndGlobal
