
Microsoft Visual Studio Solution File, Format Version 12.00
# Visual Studio 14
VisualStudioVersion = 14.0.25123.0
MinimumVisualStudioVersion = 10.0.40219.1
Project("{FAE04EC0-301F-11D3-BF4B-00C04F79EFBC}") = "Gep13.Cake.Sample.Common", "Gep13.Cake.Sample.Common\Gep13.Cake.Sample.Common.csproj", "{886296D5-5EA0-4770-96F5-76DA179630FA}"
EndProject
Project("{FAE04EC0-301F-11D3-BF4B-00C04F79EFBC}") = "Gep13.Cake.Sample.WebApplication.xUnitTests", "Gep13.Cake.Sample.WebApplication.xUnitTests\Gep13.Cake.Sample.WebApplication.xUnitTests.csproj", "{B06BB3E3-394A-44D1-8F77-0C7B8EEFCFEE}"
EndProject
Project("{FAE04EC0-301F-11D3-BF4B-00C04F79EFBC}") = "Gep13.Cake.Sample.WebApplication", "Gep13.Cake.Sample.WebApplication\Gep13.Cake.Sample.WebApplication.csproj", "{0874EBC9-F4AF-4C80-84CD-1E0DF174591C}"
EndProject
Global
	GlobalSection(SolutionConfigurationPlatforms) = preSolution
		Debug|Any CPU = Debug|Any CPU
		Release|Any CPU = Release|Any CPU
	EndGlobalSection
	GlobalSection(ProjectConfigurationPlatforms) = postSolution
		{886296D5-5EA0-4770-96F5-76DA179630FA}.Debug|Any CPU.ActiveCfg = Debug|Any CPU
		{886296D5-5EA0-4770-96F5-76DA179630FA}.Debug|Any CPU.Build.0 = Debug|Any CPU
		{886296D5-5EA0-4770-96F5-76DA179630FA}.Release|Any CPU.ActiveCfg = Release|Any CPU
		{886296D5-5EA0-4770-96F5-76DA179630FA}.Release|Any CPU.Build.0 = Release|Any CPU
		{B06BB3E3-394A-44D1-8F77-0C7B8EEFCFEE}.Debug|Any CPU.ActiveCfg = Debug|Any CPU
		{B06BB3E3-394A-44D1-8F77-0C7B8EEFCFEE}.Debug|Any CPU.Build.0 = Debug|Any CPU
		{B06BB3E3-394A-44D1-8F77-0C7B8EEFCFEE}.Release|Any CPU.ActiveCfg = Release|Any CPU
		{B06BB3E3-394A-44D1-8F77-0C7B8EEFCFEE}.Release|Any CPU.Build.0 = Release|Any CPU
		{0874EBC9-F4AF-4C80-84CD-1E0DF174591C}.Debug|Any CPU.ActiveCfg = Debug|Any CPU
		{0874EBC9-F4AF-4C80-84CD-1E0DF174591C}.Debug|Any CPU.Build.0 = Debug|Any CPU
		{0874EBC9-F4AF-4C80-84CD-1E0DF174591C}.Release|Any CPU.ActiveCfg = Release|Any CPU
		{0874EBC9-F4AF-4C80-84CD-1E0DF174591C}.Release|Any CPU.Build.0 = Release|Any CPU
	EndGlobalSection
	GlobalSection(SolutionProperties) = preSolution
		HideSolutionNode = FALSE
	EndGlobalSection
EndGlobal
